
Microsoft Visual Studio Solution File, Format Version 12.00
# Visual Studio Version 17
VisualStudioVersion = 17.11.35327.3
MinimumVisualStudioVersion = 10.0.40219.1
Project("{8BC9CEB8-8B4A-11D0-8D11-00A0C91BC942}") = "Racing Simulator", "Racing Simulator\Racing Simulator.vcxproj", "{B39653E4-6326-4CA0-A555-62E6A8235EF2}"
EndProject
Project("{8BC9CEB8-8B4A-11D0-8D11-00A0C91BC942}") = "RaceLibrary", "RaceLibrary\RaceLibrary.vcxproj", "{6FD66119-ABE9-4624-AEA1-A90782AA73EC}"
EndProject
Global
	GlobalSection(SolutionConfigurationPlatforms) = preSolution
		Debug|x64 = Debug|x64
		Debug|x86 = Debug|x86
		Release|x64 = Release|x64
		Release|x86 = Release|x86
	EndGlobalSection
	GlobalSection(ProjectConfigurationPlatforms) = postSolution
		{B39653E4-6326-4CA0-A555-62E6A8235EF2}.Debug|x64.ActiveCfg = Debug|x64
		{B39653E4-6326-4CA0-A555-62E6A8235EF2}.Debug|x64.Build.0 = Debug|x64
		{B39653E4-6326-4CA0-A555-62E6A8235EF2}.Debug|x86.ActiveCfg = Debug|Win32
		{B39653E4-6326-4CA0-A555-62E6A8235EF2}.Debug|x86.Build.0 = Debug|Win32
		{B39653E4-6326-4CA0-A555-62E6A8235EF2}.Release|x64.ActiveCfg = Release|x64
		{B39653E4-6326-4CA0-A555-62E6A8235EF2}.Release|x64.Build.0 = Release|x64
		{B39653E4-6326-4CA0-A555-62E6A8235EF2}.Release|x86.ActiveCfg = Release|Win32
		{B39653E4-6326-4CA0-A555-62E6A8235EF2}.Release|x86.Build.0 = Release|Win32
		{6FD66119-ABE9-4624-AEA1-A90782AA73EC}.Debug|x64.ActiveCfg = Debug|x64
		{6FD66119-ABE9-4624-AEA1-A90782AA73EC}.Debug|x64.Build.0 = Debug|x64
		{6FD66119-ABE9-4624-AEA1-A90782AA73EC}.Debug|x86.ActiveCfg = Debug|Win32
		{6FD66119-ABE9-4624-AEA1-A90782AA73EC}.Debug|x86.Build.0 = Debug|Win32
		{6FD66119-ABE9-4624-AEA1-A90782AA73EC}.Release|x64.ActiveCfg = Release|x64
		{6FD66119-ABE9-4624-AEA1-A90782AA73EC}.Release|x64.Build.0 = Release|x64
		{6FD66119-ABE9-4624-AEA1-A90782AA73EC}.Release|x86.ActiveCfg = Release|Win32
		{6FD66119-ABE9-4624-AEA1-A90782AA73EC}.Release|x86.Build.0 = Release|Win32
	EndGlobalSection
	GlobalSection(SolutionProperties) = preSolution
		HideSolutionNode = FALSE
	EndGlobalSection
	GlobalSection(ExtensibilityGlobals) = postSolution
		SolutionGuid = {01951487-7C46-49FB-B4E3-CD5FC956F820}
	EndGlobalSection
EndGlobal
